{
  "name": "@arthurfiorette/prettier-config",
  "version": "1.0.4",
  "lockfileVersion": 2,
  "requires": true,
  "packages": {
    "": {
      "name": "@arthurfiorette/prettier-config",
      "version": "1.0.4",
      "license": "MIT",
      "devDependencies": {
        "npm-auto-version": "^1.0.0"
      }
    },
    "node_modules/npm-auto-version": {
      "version": "1.0.0",
      "resolved": "https://registry.npmjs.org/npm-auto-version/-/npm-auto-version-1.0.0.tgz",
      "integrity": "sha1-b21s8b2JEL5U71DnOMCfgSWE3jI=",
      "dev": true,
      "dependencies": {
        "semver": "^5.0.3"
      },
      "bin": {
        "npm-auto-version": "bin/npm-auto-version"
      },
      "engines": {
        "node": ">=0.12.0"
      }
    },
    "node_modules/semver": {
      "version": "5.7.1",
      "resolved": "https://registry.npmjs.org/semver/-/semver-5.7.1.tgz",
      "integrity": "sha512-sauaDf/PZdVgrLTNYHRtpXa1iRiKcaebiKQ1BJdpQlWH2lCvexQdX55snPFyK7QzpudqbCI0qXFfOasHdyNDGQ==",
      "dev": true,
      "bin": {
        "semver": "bin/semver"
      }
    }
  },
  "dependencies": {
    "npm-auto-version": {
      "version": "1.0.0",
      "resolved": "https://registry.npmjs.org/npm-auto-version/-/npm-auto-version-1.0.0.tgz",
      "integrity": "sha1-b21s8b2JEL5U71DnOMCfgSWE3jI=",
      "dev": true,
      "requires": {
        "semver": "^5.0.3"
      }
    },
    "semver": {
      "version": "5.7.1",
      "resolved": "https://registry.npmjs.org/semver/-/semver-5.7.1.tgz",
      "integrity": "sha512-sauaDf/PZdVgrLTNYHRtpXa1iRiKcaebiKQ1BJdpQlWH2lCvexQdX55snPFyK7QzpudqbCI0qXFfOasHdyNDGQ==",
      "dev": true
    }
  }
}
